
Microsoft Visual Studio Solution File, Format Version 12.00
# Visual Studio Version 17
VisualStudioVersion = 17.0.31903.59
MinimumVisualStudioVersion = 10.0.40219.1
Project("{FAE04EC0-301F-11D3-BF4B-00C04F79EFBC}") = "client", "client\client.csproj", "{CE4D8C36-58F1-44A5-A6B4-7C60F6B3119B}"
EndProject
Project("{FAE04EC0-301F-11D3-BF4B-00C04F79EFBC}") = "MonoGame", "MonoGame\MonoGame.csproj", "{63C1EBF8-0DA7-4ECA-A2B1-415EF822BED6}"
EndProject
Global
	GlobalSection(SolutionConfigurationPlatforms) = preSolution
		Debug|Any CPU = Debug|Any CPU
		Release|Any CPU = Release|Any CPU
	EndGlobalSection
	GlobalSection(SolutionProperties) = preSolution
		HideSolutionNode = FALSE
	EndGlobalSection
	GlobalSection(ProjectConfigurationPlatforms) = postSolution
		{CE4D8C36-58F1-44A5-A6B4-7C60F6B3119B}.Debug|Any CPU.ActiveCfg = Debug|Any CPU
		{CE4D8C36-58F1-44A5-A6B4-7C60F6B3119B}.Debug|Any CPU.Build.0 = Debug|Any CPU
		{CE4D8C36-58F1-44A5-A6B4-7C60F6B3119B}.Release|Any CPU.ActiveCfg = Release|Any CPU
		{CE4D8C36-58F1-44A5-A6B4-7C60F6B3119B}.Release|Any CPU.Build.0 = Release|Any CPU
		{63C1EBF8-0DA7-4ECA-A2B1-415EF822BED6}.Debug|Any CPU.ActiveCfg = Debug|Any CPU
		{63C1EBF8-0DA7-4ECA-A2B1-415EF822BED6}.Debug|Any CPU.Build.0 = Debug|Any CPU
		{63C1EBF8-0DA7-4ECA-A2B1-415EF822BED6}.Release|Any CPU.ActiveCfg = Release|Any CPU
		{63C1EBF8-0DA7-4ECA-A2B1-415EF822BED6}.Release|Any CPU.Build.0 = Release|Any CPU
	EndGlobalSection
EndGlobal
